# This file is automatically @generated by Cargo.
# It is not intended for manual editing.
version = 4

[[package]]
name = "calc-plugin"
version = "0.1.0"
dependencies = [
 "evalexpr",
 "wit-bindgen-rt",
]

[[package]]
name = "evalexpr"
version = "13.1.0"
source = "registry+https://github.com/rust-lang/crates.io-index"
checksum = "25929004897f2bbab309121a60400d36992f6d911d09baa6c172f6cc55706601"

[[package]]
name = "wit-bindgen-rt"
version = "0.44.0"
source = "registry+https://github.com/rust-lang/crates.io-index"
checksum = "653c85dd7aee6fe6f4bded0d242406deadae9819029ce6f7d258c920c384358a"
